{
  "object": {
    "pins": [
      {
        "package": "Future",
        "repositoryURL": "https://github.com/kean/FutureX.git",
        "state": {
          "branch": "da47aa0",
          "revision": "da47aa06b25589e2678e996f19dd3960e3017a67",
          "version": null
        }
      }
    ]
  },
  "version": 1
}
